
Microsoft Visual Studio Solution File, Format Version 12.00
# Visual Studio Version 18
VisualStudioVersion = 18.1.11312.151 d18.0
MinimumVisualStudioVersion = 10.0.40219.1
Project("{FAE04EC0-301F-11D3-BF4B-00C04F79EFBC}") = "Cmsql.EpiServer", "Cmsql.EpiServer\Cmsql.EpiServer.csproj", "{C97DA5C5-3BC7-4B9E-8657-96ECB21C0459}"
EndProject
Project("{FAE04EC0-301F-11D3-BF4B-00C04F79EFBC}") = "Cmsql.EpiServer.Test", "Cmsql.EpiServer.Test\Cmsql.EpiServer.Test.csproj", "{5B55CA42-C514-4871-A6C3-551952B78CAF}"
EndProject
Global
	GlobalSection(SolutionConfigurationPlatforms) = preSolution
		Debug|Any CPU = Debug|Any CPU
		Release|Any CPU = Release|Any CPU
	EndGlobalSection
	GlobalSection(ProjectConfigurationPlatforms) = postSolution
		{C97DA5C5-3BC7-4B9E-8657-96ECB21C0459}.Debug|Any CPU.ActiveCfg = Debug|Any CPU
		{C97DA5C5-3BC7-4B9E-8657-96ECB21C0459}.Debug|Any CPU.Build.0 = Debug|Any CPU
		{C97DA5C5-3BC7-4B9E-8657-96ECB21C0459}.Release|Any CPU.ActiveCfg = Release|Any CPU
		{C97DA5C5-3BC7-4B9E-8657-96ECB21C0459}.Release|Any CPU.Build.0 = Release|Any CPU
		{5B55CA42-C514-4871-A6C3-551952B78CAF}.Debug|Any CPU.ActiveCfg = Debug|Any CPU
		{5B55CA42-C514-4871-A6C3-551952B78CAF}.Debug|Any CPU.Build.0 = Debug|Any CPU
		{5B55CA42-C514-4871-A6C3-551952B78CAF}.Release|Any CPU.ActiveCfg = Release|Any CPU
		{5B55CA42-C514-4871-A6C3-551952B78CAF}.Release|Any CPU.Build.0 = Release|Any CPU
	EndGlobalSection
	GlobalSection(SolutionProperties) = preSolution
		HideSolutionNode = FALSE
	EndGlobalSection
	GlobalSection(ExtensibilityGlobals) = postSolution
		SolutionGuid = {C9FCD03E-339F-436C-B82E-2C971BB5B9C0}
	EndGlobalSection
EndGlobal
