
Microsoft Visual Studio Solution File, Format Version 12.00
# Visual Studio Version 18
VisualStudioVersion = 18.1.11312.151
MinimumVisualStudioVersion = 10.0.40219.1
Project("{FAE04EC0-301F-11D3-BF4B-00C04F79EFBC}") = "Cmsql.Optimizely", "Cmsql.Optimizely\Cmsql.Optimizely.csproj", "{F79ECED8-82AD-BF0B-5F70-BB17D442D507}"
EndProject
Project("{FAE04EC0-301F-11D3-BF4B-00C04F79EFBC}") = "Cmsql.Optimizely.Test", "Cmsql.Optimizely.Test\Cmsql.Optimizely.Test.csproj", "{E1E74162-02EC-3A8F-D819-6ABB37018069}"
EndProject
Global
	GlobalSection(SolutionConfigurationPlatforms) = preSolution
		Debug|Any CPU = Debug|Any CPU
		Release|Any CPU = Release|Any CPU
	EndGlobalSection
	GlobalSection(ProjectConfigurationPlatforms) = postSolution
		{F79ECED8-82AD-BF0B-5F70-BB17D442D507}.Debug|Any CPU.ActiveCfg = Debug|Any CPU
		{F79ECED8-82AD-BF0B-5F70-BB17D442D507}.Debug|Any CPU.Build.0 = Debug|Any CPU
		{F79ECED8-82AD-BF0B-5F70-BB17D442D507}.Release|Any CPU.ActiveCfg = Release|Any CPU
		{F79ECED8-82AD-BF0B-5F70-BB17D442D507}.Release|Any CPU.Build.0 = Release|Any CPU
		{E1E74162-02EC-3A8F-D819-6ABB37018069}.Debug|Any CPU.ActiveCfg = Debug|Any CPU
		{E1E74162-02EC-3A8F-D819-6ABB37018069}.Debug|Any CPU.Build.0 = Debug|Any CPU
		{E1E74162-02EC-3A8F-D819-6ABB37018069}.Release|Any CPU.ActiveCfg = Release|Any CPU
		{E1E74162-02EC-3A8F-D819-6ABB37018069}.Release|Any CPU.Build.0 = Release|Any CPU
	EndGlobalSection
	GlobalSection(SolutionProperties) = preSolution
		HideSolutionNode = FALSE
	EndGlobalSection
	GlobalSection(ExtensibilityGlobals) = postSolution
		SolutionGuid = {C9FCD03E-339F-436C-B82E-2C971BB5B9C0}
	EndGlobalSection
EndGlobal
